
Microsoft Visual Studio Solution File, Format Version 12.00
# Visual Studio Version 16
VisualStudioVersion = 16.0.30503.244
MinimumVisualStudioVersion = 10.0.40219.1
Project("{FAE04EC0-301F-11D3-BF4B-00C04F79EFBC}") = "01. Ages", "01. Ages\01. Ages.csproj", "{18B6D33C-21F1-4900-8E0C-A2F26A86EA87}"
EndProject
Project("{FAE04EC0-301F-11D3-BF4B-00C04F79EFBC}") = "02. Division", "02. Division\02. Division.csproj", "{05AEB2D6-9917-40B1-B8B6-276A200F2AA8}"
EndProject
Project("{FAE04EC0-301F-11D3-BF4B-00C04F79EFBC}") = "03. Vacation", "03. Vacation\03. Vacation.csproj", "{1E69EB1E-EC4F-4222-B544-0AE1E194CADD}"
EndProject
Project("{FAE04EC0-301F-11D3-BF4B-00C04F79EFBC}") = "04. Print and sum", "04. Print and sum\04. Print and sum.csproj", "{50E34ADF-FD3F-445A-B4C0-A6F04F09F65C}"
EndProject
Project("{FAE04EC0-301F-11D3-BF4B-00C04F79EFBC}") = "05. Login", "05. Login\05. Login.csproj", "{572C93B9-F401-4B81-8E61-5E09D86222DB}"
EndProject
Project("{FAE04EC0-301F-11D3-BF4B-00C04F79EFBC}") = "06. Strong number", "06. Strong number\06. Strong number.csproj", "{C2569A89-9447-4154-9F9A-F31DF4BE585F}"
EndProject
Project("{FAE04EC0-301F-11D3-BF4B-00C04F79EFBC}") = "07. Vending Machine", "07. Vending Machine\07. Vending Machine.csproj", "{DE626746-5E19-42A9-8A4E-AA224FA783A7}"
EndProject
Project("{FAE04EC0-301F-11D3-BF4B-00C04F79EFBC}") = "08. Triangle of Numbers", "08. Triangle of Numbers\08. Triangle of Numbers.csproj", "{35CF880A-EE21-48AA-8872-6352E63AFE54}"
EndProject
Project("{FAE04EC0-301F-11D3-BF4B-00C04F79EFBC}") = "09. Padawan Equipment", "09. Padawan Equipment\09. Padawan Equipment.csproj", "{C5984A33-C145-4529-9963-DA4DA74DCF76}"
EndProject
Project("{FAE04EC0-301F-11D3-BF4B-00C04F79EFBC}") = "10. Rage Expenses", "10. Rage Expenses\10. Rage Expenses.csproj", "{93A9497E-080D-4D97-AA25-2540ED2907B3}"
EndProject
Global
	GlobalSection(SolutionConfigurationPlatforms) = preSolution
		Debug|Any CPU = Debug|Any CPU
		Release|Any CPU = Release|Any CPU
	EndGlobalSection
	GlobalSection(ProjectConfigurationPlatforms) = postSolution
		{18B6D33C-21F1-4900-8E0C-A2F26A86EA87}.Debug|Any CPU.ActiveCfg = Debug|Any CPU
		{18B6D33C-21F1-4900-8E0C-A2F26A86EA87}.Debug|Any CPU.Build.0 = Debug|Any CPU
		{18B6D33C-21F1-4900-8E0C-A2F26A86EA87}.Release|Any CPU.ActiveCfg = Release|Any CPU
		{18B6D33C-21F1-4900-8E0C-A2F26A86EA87}.Release|Any CPU.Build.0 = Release|Any CPU
		{05AEB2D6-9917-40B1-B8B6-276A200F2AA8}.Debug|Any CPU.ActiveCfg = Debug|Any CPU
		{05AEB2D6-9917-40B1-B8B6-276A200F2AA8}.Debug|Any CPU.Build.0 = Debug|Any CPU
		{05AEB2D6-9917-40B1-B8B6-276A200F2AA8}.Release|Any CPU.ActiveCfg = Release|Any CPU
		{05AEB2D6-9917-40B1-B8B6-276A200F2AA8}.Release|Any CPU.Build.0 = Release|Any CPU
		{1E69EB1E-EC4F-4222-B544-0AE1E194CADD}.Debug|Any CPU.ActiveCfg = Debug|Any CPU
		{1E69EB1E-EC4F-4222-B544-0AE1E194CADD}.Debug|Any CPU.Build.0 = Debug|Any CPU
		{1E69EB1E-EC4F-4222-B544-0AE1E194CADD}.Release|Any CPU.ActiveCfg = Release|Any CPU
		{1E69EB1E-EC4F-4222-B544-0AE1E194CADD}.Release|Any CPU.Build.0 = Release|Any CPU
		{50E34ADF-FD3F-445A-B4C0-A6F04F09F65C}.Debug|Any CPU.ActiveCfg = Debug|Any CPU
		{50E34ADF-FD3F-445A-B4C0-A6F04F09F65C}.Debug|Any CPU.Build.0 = Debug|Any CPU
		{50E34ADF-FD3F-445A-B4C0-A6F04F09F65C}.Release|Any CPU.ActiveCfg = Release|Any CPU
		{50E34ADF-FD3F-445A-B4C0-A6F04F09F65C}.Release|Any CPU.Build.0 = Release|Any CPU
		{572C93B9-F401-4B81-8E61-5E09D86222DB}.Debug|Any CPU.ActiveCfg = Debug|Any CPU
		{572C93B9-F401-4B81-8E61-5E09D86222DB}.Debug|Any CPU.Build.0 = Debug|Any CPU
		{572C93B9-F401-4B81-8E61-5E09D86222DB}.Release|Any CPU.ActiveCfg = Release|Any CPU
		{572C93B9-F401-4B81-8E61-5E09D86222DB}.Release|Any CPU.Build.0 = Release|Any CPU
		{C2569A89-9447-4154-9F9A-F31DF4BE585F}.Debug|Any CPU.ActiveCfg = Debug|Any CPU
		{C2569A89-9447-4154-9F9A-F31DF4BE585F}.Debug|Any CPU.Build.0 = Debug|Any CPU
		{C2569A89-9447-4154-9F9A-F31DF4BE585F}.Release|Any CPU.ActiveCfg = Release|Any CPU
		{C2569A89-9447-4154-9F9A-F31DF4BE585F}.Release|Any CPU.Build.0 = Release|Any CPU
		{DE626746-5E19-42A9-8A4E-AA224FA783A7}.Debug|Any CPU.ActiveCfg = Debug|Any CPU
		{DE626746-5E19-42A9-8A4E-AA224FA783A7}.Debug|Any CPU.Build.0 = Debug|Any CPU
		{DE626746-5E19-42A9-8A4E-AA224FA783A7}.Release|Any CPU.ActiveCfg = Release|Any CPU
		{DE626746-5E19-42A9-8A4E-AA224FA783A7}.Release|Any CPU.Build.0 = Release|Any CPU
		{35CF880A-EE21-48AA-8872-6352E63AFE54}.Debug|Any CPU.ActiveCfg = Debug|Any CPU
		{35CF880A-EE21-48AA-8872-6352E63AFE54}.Debug|Any CPU.Build.0 = Debug|Any CPU
		{35CF880A-EE21-48AA-8872-6352E63AFE54}.Release|Any CPU.ActiveCfg = Release|Any CPU
		{35CF880A-EE21-48AA-8872-6352E63AFE54}.Release|Any CPU.Build.0 = Release|Any CPU
		{C5984A33-C145-4529-9963-DA4DA74DCF76}.Debug|Any CPU.ActiveCfg = Debug|Any CPU
		{C5984A33-C145-4529-9963-DA4DA74DCF76}.Debug|Any CPU.Build.0 = Debug|Any CPU
		{C5984A33-C145-4529-9963-DA4DA74DCF76}.Release|Any CPU.ActiveCfg = Release|Any CPU
		{C5984A33-C145-4529-9963-DA4DA74DCF76}.Release|Any CPU.Build.0 = Release|Any CPU
		{93A9497E-080D-4D97-AA25-2540ED2907B3}.Debug|Any CPU.ActiveCfg = Debug|Any CPU
		{93A9497E-080D-4D97-AA25-2540ED2907B3}.Debug|Any CPU.Build.0 = Debug|Any CPU
		{93A9497E-080D-4D97-AA25-2540ED2907B3}.Release|Any CPU.ActiveCfg = Release|Any CPU
		{93A9497E-080D-4D97-AA25-2540ED2907B3}.Release|Any CPU.Build.0 = Release|Any CPU
	EndGlobalSection
	GlobalSection(SolutionProperties) = preSolution
		HideSolutionNode = FALSE
	EndGlobalSection
	GlobalSection(ExtensibilityGlobals) = postSolution
		SolutionGuid = {7B2F2CEB-0E6C-4B6A-AD8A-29F8F97254FB}
	EndGlobalSection
EndGlobal
