
Microsoft Visual Studio Solution File, Format Version 12.00
# Visual Studio Version 16
VisualStudioVersion = 16.0.30611.23
MinimumVisualStudioVersion = 10.0.40219.1
Project("{9A19103F-16F7-4668-BE54-9A1E7A4F7556}") = "02. MuOnline", "02. MuOnline\02. MuOnline.csproj", "{19223AB3-B1D1-4E38-9B3F-AE50E4CCF71B}"
EndProject
Project("{FAE04EC0-301F-11D3-BF4B-00C04F79EFBC}") = "01. Bonus Scoring System", "01. Bonus Scoring System\01. Bonus Scoring System.csproj", "{4F6E56E1-9645-403D-8974-9DD8818F0BFE}"
EndProject
Project("{FAE04EC0-301F-11D3-BF4B-00C04F79EFBC}") = "03. Inventory", "03. Inventory\03. Inventory.csproj", "{589327B0-71D3-478B-91ED-244F3990F05C}"
EndProject
Global
	GlobalSection(SolutionConfigurationPlatforms) = preSolution
		Debug|Any CPU = Debug|Any CPU
		Release|Any CPU = Release|Any CPU
	EndGlobalSection
	GlobalSection(ProjectConfigurationPlatforms) = postSolution
		{19223AB3-B1D1-4E38-9B3F-AE50E4CCF71B}.Debug|Any CPU.ActiveCfg = Debug|Any CPU
		{19223AB3-B1D1-4E38-9B3F-AE50E4CCF71B}.Debug|Any CPU.Build.0 = Debug|Any CPU
		{19223AB3-B1D1-4E38-9B3F-AE50E4CCF71B}.Release|Any CPU.ActiveCfg = Release|Any CPU
		{19223AB3-B1D1-4E38-9B3F-AE50E4CCF71B}.Release|Any CPU.Build.0 = Release|Any CPU
		{4F6E56E1-9645-403D-8974-9DD8818F0BFE}.Debug|Any CPU.ActiveCfg = Debug|Any CPU
		{4F6E56E1-9645-403D-8974-9DD8818F0BFE}.Debug|Any CPU.Build.0 = Debug|Any CPU
		{4F6E56E1-9645-403D-8974-9DD8818F0BFE}.Release|Any CPU.ActiveCfg = Release|Any CPU
		{4F6E56E1-9645-403D-8974-9DD8818F0BFE}.Release|Any CPU.Build.0 = Release|Any CPU
		{589327B0-71D3-478B-91ED-244F3990F05C}.Debug|Any CPU.ActiveCfg = Debug|Any CPU
		{589327B0-71D3-478B-91ED-244F3990F05C}.Debug|Any CPU.Build.0 = Debug|Any CPU
		{589327B0-71D3-478B-91ED-244F3990F05C}.Release|Any CPU.ActiveCfg = Release|Any CPU
		{589327B0-71D3-478B-91ED-244F3990F05C}.Release|Any CPU.Build.0 = Release|Any CPU
	EndGlobalSection
	GlobalSection(SolutionProperties) = preSolution
		HideSolutionNode = FALSE
	EndGlobalSection
	GlobalSection(ExtensibilityGlobals) = postSolution
		SolutionGuid = {C013E47A-24A5-474C-AAFC-A5D78BF7094E}
	EndGlobalSection
EndGlobal
