
Microsoft Visual Studio Solution File, Format Version 12.00
# Visual Studio Version 16
VisualStudioVersion = 16.0.30523.141
MinimumVisualStudioVersion = 10.0.40219.1
Project("{FAE04EC0-301F-11D3-BF4B-00C04F79EFBC}") = "01. Sort Numbers", "01. Sort Numbers\01. Sort Numbers.csproj", "{7765A14E-EDF8-43F1-B935-8011AE8A4A60}"
EndProject
Project("{FAE04EC0-301F-11D3-BF4B-00C04F79EFBC}") = "02. English Name of the Last Digit", "..\02. English Name of the Last Digit\02. English Name of the Last Digit.csproj", "{EE898B4F-4367-4B63-90CE-BCD5552E6B8D}"
EndProject
Project("{FAE04EC0-301F-11D3-BF4B-00C04F79EFBC}") = "03. Gaming Store", "..\03. Gaming Store\03. Gaming Store.csproj", "{0EB19F0D-CBD1-4BA9-9E61-30E61EE6A8C1}"
EndProject
Project("{FAE04EC0-301F-11D3-BF4B-00C04F79EFBC}") = "04. Reverse String", "..\04. Reverse String\04. Reverse String.csproj", "{B96B69CE-C6C1-4858-905E-DE457DF3004C}"
EndProject
Project("{FAE04EC0-301F-11D3-BF4B-00C04F79EFBC}") = "05. Messages", "..\05. Messages\05. Messages.csproj", "{DDAA34BF-FE44-4EF8-B619-45BD115BFD1B}"
EndProject
Global
	GlobalSection(SolutionConfigurationPlatforms) = preSolution
		Debug|Any CPU = Debug|Any CPU
		Release|Any CPU = Release|Any CPU
	EndGlobalSection
	GlobalSection(ProjectConfigurationPlatforms) = postSolution
		{7765A14E-EDF8-43F1-B935-8011AE8A4A60}.Debug|Any CPU.ActiveCfg = Debug|Any CPU
		{7765A14E-EDF8-43F1-B935-8011AE8A4A60}.Debug|Any CPU.Build.0 = Debug|Any CPU
		{7765A14E-EDF8-43F1-B935-8011AE8A4A60}.Release|Any CPU.ActiveCfg = Release|Any CPU
		{7765A14E-EDF8-43F1-B935-8011AE8A4A60}.Release|Any CPU.Build.0 = Release|Any CPU
		{EE898B4F-4367-4B63-90CE-BCD5552E6B8D}.Debug|Any CPU.ActiveCfg = Debug|Any CPU
		{EE898B4F-4367-4B63-90CE-BCD5552E6B8D}.Debug|Any CPU.Build.0 = Debug|Any CPU
		{EE898B4F-4367-4B63-90CE-BCD5552E6B8D}.Release|Any CPU.ActiveCfg = Release|Any CPU
		{EE898B4F-4367-4B63-90CE-BCD5552E6B8D}.Release|Any CPU.Build.0 = Release|Any CPU
		{0EB19F0D-CBD1-4BA9-9E61-30E61EE6A8C1}.Debug|Any CPU.ActiveCfg = Debug|Any CPU
		{0EB19F0D-CBD1-4BA9-9E61-30E61EE6A8C1}.Debug|Any CPU.Build.0 = Debug|Any CPU
		{0EB19F0D-CBD1-4BA9-9E61-30E61EE6A8C1}.Release|Any CPU.ActiveCfg = Release|Any CPU
		{0EB19F0D-CBD1-4BA9-9E61-30E61EE6A8C1}.Release|Any CPU.Build.0 = Release|Any CPU
		{B96B69CE-C6C1-4858-905E-DE457DF3004C}.Debug|Any CPU.ActiveCfg = Debug|Any CPU
		{B96B69CE-C6C1-4858-905E-DE457DF3004C}.Debug|Any CPU.Build.0 = Debug|Any CPU
		{B96B69CE-C6C1-4858-905E-DE457DF3004C}.Release|Any CPU.ActiveCfg = Release|Any CPU
		{B96B69CE-C6C1-4858-905E-DE457DF3004C}.Release|Any CPU.Build.0 = Release|Any CPU
		{DDAA34BF-FE44-4EF8-B619-45BD115BFD1B}.Debug|Any CPU.ActiveCfg = Debug|Any CPU
		{DDAA34BF-FE44-4EF8-B619-45BD115BFD1B}.Debug|Any CPU.Build.0 = Debug|Any CPU
		{DDAA34BF-FE44-4EF8-B619-45BD115BFD1B}.Release|Any CPU.ActiveCfg = Release|Any CPU
		{DDAA34BF-FE44-4EF8-B619-45BD115BFD1B}.Release|Any CPU.Build.0 = Release|Any CPU
	EndGlobalSection
	GlobalSection(SolutionProperties) = preSolution
		HideSolutionNode = FALSE
	EndGlobalSection
	GlobalSection(ExtensibilityGlobals) = postSolution
		SolutionGuid = {74C0C38D-8D85-4773-9E5A-0231ABD33C10}
	EndGlobalSection
EndGlobal
