
Microsoft Visual Studio Solution File, Format Version 12.00
# Visual Studio Version 16
VisualStudioVersion = 16.0.30523.141
MinimumVisualStudioVersion = 10.0.40219.1
Project("{FAE04EC0-301F-11D3-BF4B-00C04F79EFBC}") = "01. Spring Vacation Trip", "01. Spring Vacation Trip\01. Spring Vacation Trip.csproj", "{75782A83-42BC-41EB-8C49-0BB7EBAA4279}"
EndProject
Project("{FAE04EC0-301F-11D3-BF4B-00C04F79EFBC}") = "02. Hello, France", "02. Hello, France\02. Hello, France.csproj", "{15C7BEC0-BAB6-4485-8FA4-34A88923FC3D}"
EndProject
Project("{FAE04EC0-301F-11D3-BF4B-00C04F79EFBC}") = "03. Last Stop", "03. Last Stop\03. Last Stop.csproj", "{D82E2FC9-F943-44DB-A8F9-6EA4B7C926A7}"
EndProject
Global
	GlobalSection(SolutionConfigurationPlatforms) = preSolution
		Debug|Any CPU = Debug|Any CPU
		Release|Any CPU = Release|Any CPU
	EndGlobalSection
	GlobalSection(ProjectConfigurationPlatforms) = postSolution
		{75782A83-42BC-41EB-8C49-0BB7EBAA4279}.Debug|Any CPU.ActiveCfg = Debug|Any CPU
		{75782A83-42BC-41EB-8C49-0BB7EBAA4279}.Debug|Any CPU.Build.0 = Debug|Any CPU
		{75782A83-42BC-41EB-8C49-0BB7EBAA4279}.Release|Any CPU.ActiveCfg = Release|Any CPU
		{75782A83-42BC-41EB-8C49-0BB7EBAA4279}.Release|Any CPU.Build.0 = Release|Any CPU
		{15C7BEC0-BAB6-4485-8FA4-34A88923FC3D}.Debug|Any CPU.ActiveCfg = Debug|Any CPU
		{15C7BEC0-BAB6-4485-8FA4-34A88923FC3D}.Debug|Any CPU.Build.0 = Debug|Any CPU
		{15C7BEC0-BAB6-4485-8FA4-34A88923FC3D}.Release|Any CPU.ActiveCfg = Release|Any CPU
		{15C7BEC0-BAB6-4485-8FA4-34A88923FC3D}.Release|Any CPU.Build.0 = Release|Any CPU
		{D82E2FC9-F943-44DB-A8F9-6EA4B7C926A7}.Debug|Any CPU.ActiveCfg = Debug|Any CPU
		{D82E2FC9-F943-44DB-A8F9-6EA4B7C926A7}.Debug|Any CPU.Build.0 = Debug|Any CPU
		{D82E2FC9-F943-44DB-A8F9-6EA4B7C926A7}.Release|Any CPU.ActiveCfg = Release|Any CPU
		{D82E2FC9-F943-44DB-A8F9-6EA4B7C926A7}.Release|Any CPU.Build.0 = Release|Any CPU
	EndGlobalSection
	GlobalSection(SolutionProperties) = preSolution
		HideSolutionNode = FALSE
	EndGlobalSection
	GlobalSection(ExtensibilityGlobals) = postSolution
		SolutionGuid = {6946077D-37BB-430F-B52B-864A383243BD}
	EndGlobalSection
EndGlobal
