
Microsoft Visual Studio Solution File, Format Version 12.00
# Visual Studio Version 16
VisualStudioVersion = 16.0.30523.141
MinimumVisualStudioVersion = 10.0.40219.1
Project("{FAE04EC0-301F-11D3-BF4B-00C04F79EFBC}") = "Problem 1. Easter Cozonacs", "Problem 1. Easter Cozonacs\Problem 1. Easter Cozonacs.csproj", "{936D9B14-150E-4C7F-98E0-8CAD02931096}"
EndProject
Project("{FAE04EC0-301F-11D3-BF4B-00C04F79EFBC}") = "Problem 2. Easter Gifts", "Problem 2. Easter Gifts\Problem 2. Easter Gifts.csproj", "{75259682-CB85-4F26-BDB0-8080F78A614C}"
EndProject
Project("{FAE04EC0-301F-11D3-BF4B-00C04F79EFBC}") = "Problem 3. Easter Shopping", "Problem 3. Easter Shopping\Problem 3. Easter Shopping.csproj", "{F42F570D-7D82-4428-A388-3CAE30DEAC68}"
EndProject
Global
	GlobalSection(SolutionConfigurationPlatforms) = preSolution
		Debug|Any CPU = Debug|Any CPU
		Release|Any CPU = Release|Any CPU
	EndGlobalSection
	GlobalSection(ProjectConfigurationPlatforms) = postSolution
		{936D9B14-150E-4C7F-98E0-8CAD02931096}.Debug|Any CPU.ActiveCfg = Debug|Any CPU
		{936D9B14-150E-4C7F-98E0-8CAD02931096}.Debug|Any CPU.Build.0 = Debug|Any CPU
		{936D9B14-150E-4C7F-98E0-8CAD02931096}.Release|Any CPU.ActiveCfg = Release|Any CPU
		{936D9B14-150E-4C7F-98E0-8CAD02931096}.Release|Any CPU.Build.0 = Release|Any CPU
		{75259682-CB85-4F26-BDB0-8080F78A614C}.Debug|Any CPU.ActiveCfg = Debug|Any CPU
		{75259682-CB85-4F26-BDB0-8080F78A614C}.Debug|Any CPU.Build.0 = Debug|Any CPU
		{75259682-CB85-4F26-BDB0-8080F78A614C}.Release|Any CPU.ActiveCfg = Release|Any CPU
		{75259682-CB85-4F26-BDB0-8080F78A614C}.Release|Any CPU.Build.0 = Release|Any CPU
		{F42F570D-7D82-4428-A388-3CAE30DEAC68}.Debug|Any CPU.ActiveCfg = Debug|Any CPU
		{F42F570D-7D82-4428-A388-3CAE30DEAC68}.Debug|Any CPU.Build.0 = Debug|Any CPU
		{F42F570D-7D82-4428-A388-3CAE30DEAC68}.Release|Any CPU.ActiveCfg = Release|Any CPU
		{F42F570D-7D82-4428-A388-3CAE30DEAC68}.Release|Any CPU.Build.0 = Release|Any CPU
	EndGlobalSection
	GlobalSection(SolutionProperties) = preSolution
		HideSolutionNode = FALSE
	EndGlobalSection
	GlobalSection(ExtensibilityGlobals) = postSolution
		SolutionGuid = {2DFA20F3-1CAF-4EC5-9E0F-0636D3B9AE61}
	EndGlobalSection
EndGlobal
