
Microsoft Visual Studio Solution File, Format Version 12.00
# Visual Studio Version 16
VisualStudioVersion = 16.0.30523.141
MinimumVisualStudioVersion = 10.0.40219.1
Project("{FAE04EC0-301F-11D3-BF4B-00C04F79EFBC}") = "01. The Hunting Games", "01. The Hunting Games\01. The Hunting Games.csproj", "{259672F2-0690-4585-86F4-8BE37C6DF000}"
EndProject
Project("{FAE04EC0-301F-11D3-BF4B-00C04F79EFBC}") = "02. Seize the Fire", "02. Seize the Fire\02. Seize the Fire.csproj", "{F7747002-1C21-4CC2-9E0A-48A20AC77BC4}"
EndProject
Project("{FAE04EC0-301F-11D3-BF4B-00C04F79EFBC}") = "03. The Final Quest", "03. The Final Quest\03. The Final Quest.csproj", "{70D2CB8C-627E-42D2-98B0-5BE737BE2122}"
EndProject
Global
	GlobalSection(SolutionConfigurationPlatforms) = preSolution
		Debug|Any CPU = Debug|Any CPU
		Release|Any CPU = Release|Any CPU
	EndGlobalSection
	GlobalSection(ProjectConfigurationPlatforms) = postSolution
		{259672F2-0690-4585-86F4-8BE37C6DF000}.Debug|Any CPU.ActiveCfg = Debug|Any CPU
		{259672F2-0690-4585-86F4-8BE37C6DF000}.Debug|Any CPU.Build.0 = Debug|Any CPU
		{259672F2-0690-4585-86F4-8BE37C6DF000}.Release|Any CPU.ActiveCfg = Release|Any CPU
		{259672F2-0690-4585-86F4-8BE37C6DF000}.Release|Any CPU.Build.0 = Release|Any CPU
		{F7747002-1C21-4CC2-9E0A-48A20AC77BC4}.Debug|Any CPU.ActiveCfg = Debug|Any CPU
		{F7747002-1C21-4CC2-9E0A-48A20AC77BC4}.Debug|Any CPU.Build.0 = Debug|Any CPU
		{F7747002-1C21-4CC2-9E0A-48A20AC77BC4}.Release|Any CPU.ActiveCfg = Release|Any CPU
		{F7747002-1C21-4CC2-9E0A-48A20AC77BC4}.Release|Any CPU.Build.0 = Release|Any CPU
		{70D2CB8C-627E-42D2-98B0-5BE737BE2122}.Debug|Any CPU.ActiveCfg = Debug|Any CPU
		{70D2CB8C-627E-42D2-98B0-5BE737BE2122}.Debug|Any CPU.Build.0 = Debug|Any CPU
		{70D2CB8C-627E-42D2-98B0-5BE737BE2122}.Release|Any CPU.ActiveCfg = Release|Any CPU
		{70D2CB8C-627E-42D2-98B0-5BE737BE2122}.Release|Any CPU.Build.0 = Release|Any CPU
	EndGlobalSection
	GlobalSection(SolutionProperties) = preSolution
		HideSolutionNode = FALSE
	EndGlobalSection
	GlobalSection(ExtensibilityGlobals) = postSolution
		SolutionGuid = {3028A8C7-E71B-4CD5-B400-9A1303673555}
	EndGlobalSection
EndGlobal
