
Microsoft Visual Studio Solution File, Format Version 12.00
# Visual Studio Version 16
VisualStudioVersion = 16.0.30611.23
MinimumVisualStudioVersion = 10.0.40219.1
Project("{FAE04EC0-301F-11D3-BF4B-00C04F79EFBC}") = "01. Count Real Numbers", "01. Count Real Numbers\01. Count Real Numbers.csproj", "{08C33FFC-20F7-4230-B38C-BD1D9D29D58A}"
EndProject
Project("{FAE04EC0-301F-11D3-BF4B-00C04F79EFBC}") = "02. Odd Occurrences", "02. Odd Occurrences\02. Odd Occurrences.csproj", "{B4D0239B-3640-4D0A-B336-F40EA112D5B8}"
EndProject
Project("{FAE04EC0-301F-11D3-BF4B-00C04F79EFBC}") = "03. Word Synonyms", "03. Word Synonyms\03. Word Synonyms.csproj", "{C6DD5904-0555-4F53-864A-215EB3AE31DC}"
EndProject
Project("{FAE04EC0-301F-11D3-BF4B-00C04F79EFBC}") = "04. Largest 3 Numbers", "04. Largest 3 Numbers\04. Largest 3 Numbers.csproj", "{1C669AFD-0F71-41DA-A9DC-48B8B4361E0A}"
EndProject
Project("{FAE04EC0-301F-11D3-BF4B-00C04F79EFBC}") = "05. Word Filter", "05. Word Filter\05. Word Filter.csproj", "{F18A20E7-A2AD-4897-811E-2B7781F71F8D}"
EndProject
Global
	GlobalSection(SolutionConfigurationPlatforms) = preSolution
		Debug|Any CPU = Debug|Any CPU
		Release|Any CPU = Release|Any CPU
	EndGlobalSection
	GlobalSection(ProjectConfigurationPlatforms) = postSolution
		{08C33FFC-20F7-4230-B38C-BD1D9D29D58A}.Debug|Any CPU.ActiveCfg = Debug|Any CPU
		{08C33FFC-20F7-4230-B38C-BD1D9D29D58A}.Debug|Any CPU.Build.0 = Debug|Any CPU
		{08C33FFC-20F7-4230-B38C-BD1D9D29D58A}.Release|Any CPU.ActiveCfg = Release|Any CPU
		{08C33FFC-20F7-4230-B38C-BD1D9D29D58A}.Release|Any CPU.Build.0 = Release|Any CPU
		{B4D0239B-3640-4D0A-B336-F40EA112D5B8}.Debug|Any CPU.ActiveCfg = Debug|Any CPU
		{B4D0239B-3640-4D0A-B336-F40EA112D5B8}.Debug|Any CPU.Build.0 = Debug|Any CPU
		{B4D0239B-3640-4D0A-B336-F40EA112D5B8}.Release|Any CPU.ActiveCfg = Release|Any CPU
		{B4D0239B-3640-4D0A-B336-F40EA112D5B8}.Release|Any CPU.Build.0 = Release|Any CPU
		{C6DD5904-0555-4F53-864A-215EB3AE31DC}.Debug|Any CPU.ActiveCfg = Debug|Any CPU
		{C6DD5904-0555-4F53-864A-215EB3AE31DC}.Debug|Any CPU.Build.0 = Debug|Any CPU
		{C6DD5904-0555-4F53-864A-215EB3AE31DC}.Release|Any CPU.ActiveCfg = Release|Any CPU
		{C6DD5904-0555-4F53-864A-215EB3AE31DC}.Release|Any CPU.Build.0 = Release|Any CPU
		{1C669AFD-0F71-41DA-A9DC-48B8B4361E0A}.Debug|Any CPU.ActiveCfg = Debug|Any CPU
		{1C669AFD-0F71-41DA-A9DC-48B8B4361E0A}.Debug|Any CPU.Build.0 = Debug|Any CPU
		{1C669AFD-0F71-41DA-A9DC-48B8B4361E0A}.Release|Any CPU.ActiveCfg = Release|Any CPU
		{1C669AFD-0F71-41DA-A9DC-48B8B4361E0A}.Release|Any CPU.Build.0 = Release|Any CPU
		{F18A20E7-A2AD-4897-811E-2B7781F71F8D}.Debug|Any CPU.ActiveCfg = Debug|Any CPU
		{F18A20E7-A2AD-4897-811E-2B7781F71F8D}.Debug|Any CPU.Build.0 = Debug|Any CPU
		{F18A20E7-A2AD-4897-811E-2B7781F71F8D}.Release|Any CPU.ActiveCfg = Release|Any CPU
		{F18A20E7-A2AD-4897-811E-2B7781F71F8D}.Release|Any CPU.Build.0 = Release|Any CPU
	EndGlobalSection
	GlobalSection(SolutionProperties) = preSolution
		HideSolutionNode = FALSE
	EndGlobalSection
	GlobalSection(ExtensibilityGlobals) = postSolution
		SolutionGuid = {AFCB6A7C-443D-4A2C-ACEB-1D587D944F1F}
	EndGlobalSection
EndGlobal
