
Microsoft Visual Studio Solution File, Format Version 12.00
# Visual Studio Version 16
VisualStudioVersion = 16.0.30717.126
MinimumVisualStudioVersion = 10.0.40219.1
Project("{FAE04EC0-301F-11D3-BF4B-00C04F79EFBC}") = "01. The Imitation Game", "01. The Imitation Game\01. The Imitation Game.csproj", "{8773A7B8-C3D9-41E1-8E92-12FD00EE3B69}"
EndProject
Project("{FAE04EC0-301F-11D3-BF4B-00C04F79EFBC}") = "02. Ad Astra", "02. Ad Astra\02. Ad Astra.csproj", "{FA6F8132-FA4B-462D-813F-5FB4AFC0FE8D}"
EndProject
Project("{FAE04EC0-301F-11D3-BF4B-00C04F79EFBC}") = "03. The Pianist", "03. The Pianist\03. The Pianist.csproj", "{C8AE1482-6DD0-4A79-8E2A-D7B37840F13C}"
EndProject
Global
	GlobalSection(SolutionConfigurationPlatforms) = preSolution
		Debug|Any CPU = Debug|Any CPU
		Release|Any CPU = Release|Any CPU
	EndGlobalSection
	GlobalSection(ProjectConfigurationPlatforms) = postSolution
		{8773A7B8-C3D9-41E1-8E92-12FD00EE3B69}.Debug|Any CPU.ActiveCfg = Debug|Any CPU
		{8773A7B8-C3D9-41E1-8E92-12FD00EE3B69}.Debug|Any CPU.Build.0 = Debug|Any CPU
		{8773A7B8-C3D9-41E1-8E92-12FD00EE3B69}.Release|Any CPU.ActiveCfg = Release|Any CPU
		{8773A7B8-C3D9-41E1-8E92-12FD00EE3B69}.Release|Any CPU.Build.0 = Release|Any CPU
		{FA6F8132-FA4B-462D-813F-5FB4AFC0FE8D}.Debug|Any CPU.ActiveCfg = Debug|Any CPU
		{FA6F8132-FA4B-462D-813F-5FB4AFC0FE8D}.Debug|Any CPU.Build.0 = Debug|Any CPU
		{FA6F8132-FA4B-462D-813F-5FB4AFC0FE8D}.Release|Any CPU.ActiveCfg = Release|Any CPU
		{FA6F8132-FA4B-462D-813F-5FB4AFC0FE8D}.Release|Any CPU.Build.0 = Release|Any CPU
		{C8AE1482-6DD0-4A79-8E2A-D7B37840F13C}.Debug|Any CPU.ActiveCfg = Debug|Any CPU
		{C8AE1482-6DD0-4A79-8E2A-D7B37840F13C}.Debug|Any CPU.Build.0 = Debug|Any CPU
		{C8AE1482-6DD0-4A79-8E2A-D7B37840F13C}.Release|Any CPU.ActiveCfg = Release|Any CPU
		{C8AE1482-6DD0-4A79-8E2A-D7B37840F13C}.Release|Any CPU.Build.0 = Release|Any CPU
	EndGlobalSection
	GlobalSection(SolutionProperties) = preSolution
		HideSolutionNode = FALSE
	EndGlobalSection
	GlobalSection(ExtensibilityGlobals) = postSolution
		SolutionGuid = {0411DE1A-6123-4D31-A48F-3B984039B8E7}
	EndGlobalSection
EndGlobal
