
Microsoft Visual Studio Solution File, Format Version 12.00
# Visual Studio Version 16
VisualStudioVersion = 16.0.30717.126
MinimumVisualStudioVersion = 10.0.40219.1
Project("{9A19103F-16F7-4668-BE54-9A1E7A4F7556}") = "Arriving in Kathmandu", "Arriving in Kathmandu\Arriving in Kathmandu.csproj", "{62386E4C-DE37-41B7-B69B-2658C42D14A1}"
EndProject
Project("{9A19103F-16F7-4668-BE54-9A1E7A4F7556}") = "Concert", "Concert\Concert.csproj", "{8411579A-6E32-4BC5-B9AE-5146139749C1}"
EndProject
Project("{9A19103F-16F7-4668-BE54-9A1E7A4F7556}") = "Dictionary", "Dictionary\Dictionary.csproj", "{E628DAF1-9CC6-4084-ADFF-E090CDCB559D}"
EndProject
Project("{9A19103F-16F7-4668-BE54-9A1E7A4F7556}") = "Email Validator", "Email Validator\Email Validator.csproj", "{E921B932-75E1-4B6F-B739-3F4C5F9BBF51}"
EndProject
Project("{9A19103F-16F7-4668-BE54-9A1E7A4F7556}") = "Nikulden’s Charity", "Nikulden’s Charity\Nikulden’s Charity.csproj", "{CC28D0F6-9020-4044-B1E6-04B969B29031}"
EndProject
Project("{9A19103F-16F7-4668-BE54-9A1E7A4F7556}") = "Hero Recruitment", "Hero Recruitment\Hero Recruitment.csproj", "{AD02AC98-C1C2-4B64-8F67-21D4F4FC1CEB}"
EndProject
Project("{9A19103F-16F7-4668-BE54-9A1E7A4F7556}") = "Message Translator", "Message Translator\Message Translator.csproj", "{1828B4AA-7823-4D91-B7B0-5D67D0C56C71}"
EndProject
Project("{9A19103F-16F7-4668-BE54-9A1E7A4F7556}") = "Registration", "Registration\Registration.csproj", "{AB66C3F3-5824-4952-A0DE-35D00663117A}"
EndProject
Project("{9A19103F-16F7-4668-BE54-9A1E7A4F7556}") = "Need for Speed III", "Need for Speed III\Need for Speed III.csproj", "{3103EB38-5574-4F1D-8F1C-5200893705AB}"
EndProject
Project("{9A19103F-16F7-4668-BE54-9A1E7A4F7556}") = "Practice sessions", "Practice sessions\Practice sessions.csproj", "{3E5A494E-63CA-4729-86EB-E1548ABDD714}"
EndProject
Project("{9A19103F-16F7-4668-BE54-9A1E7A4F7556}") = "Song Encryption", "Song Encryption\Song Encryption.csproj", "{7826481F-696C-4354-8D3E-ABEB93D58003}"
EndProject
Project("{9A19103F-16F7-4668-BE54-9A1E7A4F7556}") = "Username", "Username\Username.csproj", "{176A71A9-35D4-4B66-AAD2-73D03E8E7BB5}"
EndProject
Project("{9A19103F-16F7-4668-BE54-9A1E7A4F7556}") = "String Manipulator - Group 1", "String Manipulator - Group 1\String Manipulator - Group 1.csproj", "{084E65EE-AC76-470F-BF63-F61C7B8F7698}"
EndProject
Project("{9A19103F-16F7-4668-BE54-9A1E7A4F7556}") = "String Manipulator - Group 2", "String Manipulator - Group 2\String Manipulator - Group 2.csproj", "{8CB5D9DC-DCF9-4C56-80E7-C3D927F79F57}"
EndProject
Project("{9A19103F-16F7-4668-BE54-9A1E7A4F7556}") = "Password", "Password\Password.csproj", "{055DFDDC-BCD9-4A9B-8C85-1631C0B5F92B}"
EndProject
Project("{9A19103F-16F7-4668-BE54-9A1E7A4F7556}") = "Messages Manager", "Messages Manager\Messages Manager.csproj", "{4828A9B3-13CE-46D9-8F6A-C3037D15FD6B}"
EndProject
Project("{9A19103F-16F7-4668-BE54-9A1E7A4F7556}") = "Message Encrypter", "Message Encrypter\Message Encrypter.csproj", "{27909915-0D8D-4233-B223-98660F6FF5AA}"
EndProject
Project("{9A19103F-16F7-4668-BE54-9A1E7A4F7556}") = "Message Decrypter", "Message Decrypter\Message Decrypter.csproj", "{F41E2665-FDC6-4D28-9780-A5540D94B19D}"
EndProject
Project("{9A19103F-16F7-4668-BE54-9A1E7A4F7556}") = "Followers", "Followers\Followers.csproj", "{7589B127-DBDD-4A74-8EF1-A5B7C71AB95C}"
EndProject
Project("{9A19103F-16F7-4668-BE54-9A1E7A4F7556}") = "Battle Manager", "Battle Manager\Battle Manager.csproj", "{DF865770-9F86-4CA9-B7F1-DE777E3485DC}"
EndProject
Project("{FAE04EC0-301F-11D3-BF4B-00C04F79EFBC}") = "The Isle of Man TT Race", "The Isle of Man TT Race\The Isle of Man TT Race.csproj", "{D501E232-0382-44F6-9E5F-9B7732C4CF8C}"
EndProject
Project("{FAE04EC0-301F-11D3-BF4B-00C04F79EFBC}") = "Nikulden’s meals", "Nikulden’s meals\Nikulden’s meals.csproj", "{D0D89FCB-CA3A-40D4-A05B-65F9BCEC861B}"
EndProject
Project("{FAE04EC0-301F-11D3-BF4B-00C04F79EFBC}") = "Inbox Manager", "Inbox Manager\Inbox Manager.csproj", "{194918B6-1E03-48C1-A073-5322D1B6DC97}"
EndProject
Project("{FAE04EC0-301F-11D3-BF4B-00C04F79EFBC}") = "On the Way to Annapurna", "On the Way to Annapurna\On the Way to Annapurna.csproj", "{4B494D44-5631-496D-B6B4-38AD65624F98}"
EndProject
Global
	GlobalSection(SolutionConfigurationPlatforms) = preSolution
		Debug|Any CPU = Debug|Any CPU
		Release|Any CPU = Release|Any CPU
	EndGlobalSection
	GlobalSection(ProjectConfigurationPlatforms) = postSolution
		{62386E4C-DE37-41B7-B69B-2658C42D14A1}.Debug|Any CPU.ActiveCfg = Debug|Any CPU
		{62386E4C-DE37-41B7-B69B-2658C42D14A1}.Debug|Any CPU.Build.0 = Debug|Any CPU
		{62386E4C-DE37-41B7-B69B-2658C42D14A1}.Release|Any CPU.ActiveCfg = Release|Any CPU
		{62386E4C-DE37-41B7-B69B-2658C42D14A1}.Release|Any CPU.Build.0 = Release|Any CPU
		{8411579A-6E32-4BC5-B9AE-5146139749C1}.Debug|Any CPU.ActiveCfg = Debug|Any CPU
		{8411579A-6E32-4BC5-B9AE-5146139749C1}.Debug|Any CPU.Build.0 = Debug|Any CPU
		{8411579A-6E32-4BC5-B9AE-5146139749C1}.Release|Any CPU.ActiveCfg = Release|Any CPU
		{8411579A-6E32-4BC5-B9AE-5146139749C1}.Release|Any CPU.Build.0 = Release|Any CPU
		{E628DAF1-9CC6-4084-ADFF-E090CDCB559D}.Debug|Any CPU.ActiveCfg = Debug|Any CPU
		{E628DAF1-9CC6-4084-ADFF-E090CDCB559D}.Debug|Any CPU.Build.0 = Debug|Any CPU
		{E628DAF1-9CC6-4084-ADFF-E090CDCB559D}.Release|Any CPU.ActiveCfg = Release|Any CPU
		{E628DAF1-9CC6-4084-ADFF-E090CDCB559D}.Release|Any CPU.Build.0 = Release|Any CPU
		{E921B932-75E1-4B6F-B739-3F4C5F9BBF51}.Debug|Any CPU.ActiveCfg = Debug|Any CPU
		{E921B932-75E1-4B6F-B739-3F4C5F9BBF51}.Debug|Any CPU.Build.0 = Debug|Any CPU
		{E921B932-75E1-4B6F-B739-3F4C5F9BBF51}.Release|Any CPU.ActiveCfg = Release|Any CPU
		{E921B932-75E1-4B6F-B739-3F4C5F9BBF51}.Release|Any CPU.Build.0 = Release|Any CPU
		{CC28D0F6-9020-4044-B1E6-04B969B29031}.Debug|Any CPU.ActiveCfg = Debug|Any CPU
		{CC28D0F6-9020-4044-B1E6-04B969B29031}.Debug|Any CPU.Build.0 = Debug|Any CPU
		{CC28D0F6-9020-4044-B1E6-04B969B29031}.Release|Any CPU.ActiveCfg = Release|Any CPU
		{CC28D0F6-9020-4044-B1E6-04B969B29031}.Release|Any CPU.Build.0 = Release|Any CPU
		{AD02AC98-C1C2-4B64-8F67-21D4F4FC1CEB}.Debug|Any CPU.ActiveCfg = Debug|Any CPU
		{AD02AC98-C1C2-4B64-8F67-21D4F4FC1CEB}.Debug|Any CPU.Build.0 = Debug|Any CPU
		{AD02AC98-C1C2-4B64-8F67-21D4F4FC1CEB}.Release|Any CPU.ActiveCfg = Release|Any CPU
		{AD02AC98-C1C2-4B64-8F67-21D4F4FC1CEB}.Release|Any CPU.Build.0 = Release|Any CPU
		{1828B4AA-7823-4D91-B7B0-5D67D0C56C71}.Debug|Any CPU.ActiveCfg = Debug|Any CPU
		{1828B4AA-7823-4D91-B7B0-5D67D0C56C71}.Debug|Any CPU.Build.0 = Debug|Any CPU
		{1828B4AA-7823-4D91-B7B0-5D67D0C56C71}.Release|Any CPU.ActiveCfg = Release|Any CPU
		{1828B4AA-7823-4D91-B7B0-5D67D0C56C71}.Release|Any CPU.Build.0 = Release|Any CPU
		{AB66C3F3-5824-4952-A0DE-35D00663117A}.Debug|Any CPU.ActiveCfg = Debug|Any CPU
		{AB66C3F3-5824-4952-A0DE-35D00663117A}.Debug|Any CPU.Build.0 = Debug|Any CPU
		{AB66C3F3-5824-4952-A0DE-35D00663117A}.Release|Any CPU.ActiveCfg = Release|Any CPU
		{AB66C3F3-5824-4952-A0DE-35D00663117A}.Release|Any CPU.Build.0 = Release|Any CPU
		{3103EB38-5574-4F1D-8F1C-5200893705AB}.Debug|Any CPU.ActiveCfg = Debug|Any CPU
		{3103EB38-5574-4F1D-8F1C-5200893705AB}.Debug|Any CPU.Build.0 = Debug|Any CPU
		{3103EB38-5574-4F1D-8F1C-5200893705AB}.Release|Any CPU.ActiveCfg = Release|Any CPU
		{3103EB38-5574-4F1D-8F1C-5200893705AB}.Release|Any CPU.Build.0 = Release|Any CPU
		{3E5A494E-63CA-4729-86EB-E1548ABDD714}.Debug|Any CPU.ActiveCfg = Debug|Any CPU
		{3E5A494E-63CA-4729-86EB-E1548ABDD714}.Debug|Any CPU.Build.0 = Debug|Any CPU
		{3E5A494E-63CA-4729-86EB-E1548ABDD714}.Release|Any CPU.ActiveCfg = Release|Any CPU
		{3E5A494E-63CA-4729-86EB-E1548ABDD714}.Release|Any CPU.Build.0 = Release|Any CPU
		{7826481F-696C-4354-8D3E-ABEB93D58003}.Debug|Any CPU.ActiveCfg = Debug|Any CPU
		{7826481F-696C-4354-8D3E-ABEB93D58003}.Debug|Any CPU.Build.0 = Debug|Any CPU
		{7826481F-696C-4354-8D3E-ABEB93D58003}.Release|Any CPU.ActiveCfg = Release|Any CPU
		{7826481F-696C-4354-8D3E-ABEB93D58003}.Release|Any CPU.Build.0 = Release|Any CPU
		{176A71A9-35D4-4B66-AAD2-73D03E8E7BB5}.Debug|Any CPU.ActiveCfg = Debug|Any CPU
		{176A71A9-35D4-4B66-AAD2-73D03E8E7BB5}.Debug|Any CPU.Build.0 = Debug|Any CPU
		{176A71A9-35D4-4B66-AAD2-73D03E8E7BB5}.Release|Any CPU.ActiveCfg = Release|Any CPU
		{176A71A9-35D4-4B66-AAD2-73D03E8E7BB5}.Release|Any CPU.Build.0 = Release|Any CPU
		{084E65EE-AC76-470F-BF63-F61C7B8F7698}.Debug|Any CPU.ActiveCfg = Debug|Any CPU
		{084E65EE-AC76-470F-BF63-F61C7B8F7698}.Debug|Any CPU.Build.0 = Debug|Any CPU
		{084E65EE-AC76-470F-BF63-F61C7B8F7698}.Release|Any CPU.ActiveCfg = Release|Any CPU
		{084E65EE-AC76-470F-BF63-F61C7B8F7698}.Release|Any CPU.Build.0 = Release|Any CPU
		{8CB5D9DC-DCF9-4C56-80E7-C3D927F79F57}.Debug|Any CPU.ActiveCfg = Debug|Any CPU
		{8CB5D9DC-DCF9-4C56-80E7-C3D927F79F57}.Debug|Any CPU.Build.0 = Debug|Any CPU
		{8CB5D9DC-DCF9-4C56-80E7-C3D927F79F57}.Release|Any CPU.ActiveCfg = Release|Any CPU
		{8CB5D9DC-DCF9-4C56-80E7-C3D927F79F57}.Release|Any CPU.Build.0 = Release|Any CPU
		{055DFDDC-BCD9-4A9B-8C85-1631C0B5F92B}.Debug|Any CPU.ActiveCfg = Debug|Any CPU
		{055DFDDC-BCD9-4A9B-8C85-1631C0B5F92B}.Debug|Any CPU.Build.0 = Debug|Any CPU
		{055DFDDC-BCD9-4A9B-8C85-1631C0B5F92B}.Release|Any CPU.ActiveCfg = Release|Any CPU
		{055DFDDC-BCD9-4A9B-8C85-1631C0B5F92B}.Release|Any CPU.Build.0 = Release|Any CPU
		{4828A9B3-13CE-46D9-8F6A-C3037D15FD6B}.Debug|Any CPU.ActiveCfg = Debug|Any CPU
		{4828A9B3-13CE-46D9-8F6A-C3037D15FD6B}.Debug|Any CPU.Build.0 = Debug|Any CPU
		{4828A9B3-13CE-46D9-8F6A-C3037D15FD6B}.Release|Any CPU.ActiveCfg = Release|Any CPU
		{4828A9B3-13CE-46D9-8F6A-C3037D15FD6B}.Release|Any CPU.Build.0 = Release|Any CPU
		{27909915-0D8D-4233-B223-98660F6FF5AA}.Debug|Any CPU.ActiveCfg = Debug|Any CPU
		{27909915-0D8D-4233-B223-98660F6FF5AA}.Debug|Any CPU.Build.0 = Debug|Any CPU
		{27909915-0D8D-4233-B223-98660F6FF5AA}.Release|Any CPU.ActiveCfg = Release|Any CPU
		{27909915-0D8D-4233-B223-98660F6FF5AA}.Release|Any CPU.Build.0 = Release|Any CPU
		{F41E2665-FDC6-4D28-9780-A5540D94B19D}.Debug|Any CPU.ActiveCfg = Debug|Any CPU
		{F41E2665-FDC6-4D28-9780-A5540D94B19D}.Debug|Any CPU.Build.0 = Debug|Any CPU
		{F41E2665-FDC6-4D28-9780-A5540D94B19D}.Release|Any CPU.ActiveCfg = Release|Any CPU
		{F41E2665-FDC6-4D28-9780-A5540D94B19D}.Release|Any CPU.Build.0 = Release|Any CPU
		{7589B127-DBDD-4A74-8EF1-A5B7C71AB95C}.Debug|Any CPU.ActiveCfg = Debug|Any CPU
		{7589B127-DBDD-4A74-8EF1-A5B7C71AB95C}.Debug|Any CPU.Build.0 = Debug|Any CPU
		{7589B127-DBDD-4A74-8EF1-A5B7C71AB95C}.Release|Any CPU.ActiveCfg = Release|Any CPU
		{7589B127-DBDD-4A74-8EF1-A5B7C71AB95C}.Release|Any CPU.Build.0 = Release|Any CPU
		{DF865770-9F86-4CA9-B7F1-DE777E3485DC}.Debug|Any CPU.ActiveCfg = Debug|Any CPU
		{DF865770-9F86-4CA9-B7F1-DE777E3485DC}.Debug|Any CPU.Build.0 = Debug|Any CPU
		{DF865770-9F86-4CA9-B7F1-DE777E3485DC}.Release|Any CPU.ActiveCfg = Release|Any CPU
		{DF865770-9F86-4CA9-B7F1-DE777E3485DC}.Release|Any CPU.Build.0 = Release|Any CPU
		{D501E232-0382-44F6-9E5F-9B7732C4CF8C}.Debug|Any CPU.ActiveCfg = Debug|Any CPU
		{D501E232-0382-44F6-9E5F-9B7732C4CF8C}.Debug|Any CPU.Build.0 = Debug|Any CPU
		{D501E232-0382-44F6-9E5F-9B7732C4CF8C}.Release|Any CPU.ActiveCfg = Release|Any CPU
		{D501E232-0382-44F6-9E5F-9B7732C4CF8C}.Release|Any CPU.Build.0 = Release|Any CPU
		{D0D89FCB-CA3A-40D4-A05B-65F9BCEC861B}.Debug|Any CPU.ActiveCfg = Debug|Any CPU
		{D0D89FCB-CA3A-40D4-A05B-65F9BCEC861B}.Debug|Any CPU.Build.0 = Debug|Any CPU
		{D0D89FCB-CA3A-40D4-A05B-65F9BCEC861B}.Release|Any CPU.ActiveCfg = Release|Any CPU
		{D0D89FCB-CA3A-40D4-A05B-65F9BCEC861B}.Release|Any CPU.Build.0 = Release|Any CPU
		{194918B6-1E03-48C1-A073-5322D1B6DC97}.Debug|Any CPU.ActiveCfg = Debug|Any CPU
		{194918B6-1E03-48C1-A073-5322D1B6DC97}.Debug|Any CPU.Build.0 = Debug|Any CPU
		{194918B6-1E03-48C1-A073-5322D1B6DC97}.Release|Any CPU.ActiveCfg = Release|Any CPU
		{194918B6-1E03-48C1-A073-5322D1B6DC97}.Release|Any CPU.Build.0 = Release|Any CPU
		{4B494D44-5631-496D-B6B4-38AD65624F98}.Debug|Any CPU.ActiveCfg = Debug|Any CPU
		{4B494D44-5631-496D-B6B4-38AD65624F98}.Debug|Any CPU.Build.0 = Debug|Any CPU
		{4B494D44-5631-496D-B6B4-38AD65624F98}.Release|Any CPU.ActiveCfg = Release|Any CPU
		{4B494D44-5631-496D-B6B4-38AD65624F98}.Release|Any CPU.Build.0 = Release|Any CPU
	EndGlobalSection
	GlobalSection(SolutionProperties) = preSolution
		HideSolutionNode = FALSE
	EndGlobalSection
	GlobalSection(ExtensibilityGlobals) = postSolution
		SolutionGuid = {E2F000B1-F913-4559-8221-8DE456E383BE}
	EndGlobalSection
EndGlobal
