
Microsoft Visual Studio Solution File, Format Version 12.00
# Visual Studio Version 16
VisualStudioVersion = 16.0.30717.126
MinimumVisualStudioVersion = 10.0.40219.1
Project("{FAE04EC0-301F-11D3-BF4B-00C04F79EFBC}") = "Arriving in Kathmandu", "Arriving in Kathmandu\Arriving in Kathmandu.csproj", "{62386E4C-DE37-41B7-B69B-2658C42D14A1}"
EndProject
Project("{FAE04EC0-301F-11D3-BF4B-00C04F79EFBC}") = "Concert", "Concert\Concert.csproj", "{8411579A-6E32-4BC5-B9AE-5146139749C1}"
EndProject
Project("{FAE04EC0-301F-11D3-BF4B-00C04F79EFBC}") = "Dictionary", "Dictionary\Dictionary.csproj", "{E628DAF1-9CC6-4084-ADFF-E090CDCB559D}"
EndProject
Global
	GlobalSection(SolutionConfigurationPlatforms) = preSolution
		Debug|Any CPU = Debug|Any CPU
		Release|Any CPU = Release|Any CPU
	EndGlobalSection
	GlobalSection(ProjectConfigurationPlatforms) = postSolution
		{62386E4C-DE37-41B7-B69B-2658C42D14A1}.Debug|Any CPU.ActiveCfg = Debug|Any CPU
		{62386E4C-DE37-41B7-B69B-2658C42D14A1}.Debug|Any CPU.Build.0 = Debug|Any CPU
		{62386E4C-DE37-41B7-B69B-2658C42D14A1}.Release|Any CPU.ActiveCfg = Release|Any CPU
		{62386E4C-DE37-41B7-B69B-2658C42D14A1}.Release|Any CPU.Build.0 = Release|Any CPU
		{8411579A-6E32-4BC5-B9AE-5146139749C1}.Debug|Any CPU.ActiveCfg = Debug|Any CPU
		{8411579A-6E32-4BC5-B9AE-5146139749C1}.Debug|Any CPU.Build.0 = Debug|Any CPU
		{8411579A-6E32-4BC5-B9AE-5146139749C1}.Release|Any CPU.ActiveCfg = Release|Any CPU
		{8411579A-6E32-4BC5-B9AE-5146139749C1}.Release|Any CPU.Build.0 = Release|Any CPU
		{E628DAF1-9CC6-4084-ADFF-E090CDCB559D}.Debug|Any CPU.ActiveCfg = Debug|Any CPU
		{E628DAF1-9CC6-4084-ADFF-E090CDCB559D}.Debug|Any CPU.Build.0 = Debug|Any CPU
		{E628DAF1-9CC6-4084-ADFF-E090CDCB559D}.Release|Any CPU.ActiveCfg = Release|Any CPU
		{E628DAF1-9CC6-4084-ADFF-E090CDCB559D}.Release|Any CPU.Build.0 = Release|Any CPU
	EndGlobalSection
	GlobalSection(SolutionProperties) = preSolution
		HideSolutionNode = FALSE
	EndGlobalSection
	GlobalSection(ExtensibilityGlobals) = postSolution
		SolutionGuid = {E2F000B1-F913-4559-8221-8DE456E383BE}
	EndGlobalSection
EndGlobal
