
Microsoft Visual Studio Solution File, Format Version 12.00
# Visual Studio Version 16
VisualStudioVersion = 16.0.30611.23
MinimumVisualStudioVersion = 10.0.40219.1
Project("{FAE04EC0-301F-11D3-BF4B-00C04F79EFBC}") = "01. Count Chars in a String", "01. Count Chars in a String\01. Count Chars in a String.csproj", "{83154129-BF4B-4168-B98A-09F05101E91F}"
EndProject
Project("{FAE04EC0-301F-11D3-BF4B-00C04F79EFBC}") = "02. A Miner Task", "02. A Miner Task\02. A Miner Task.csproj", "{7B3E8156-CD4E-47AB-90CF-369A5BC14D4C}"
EndProject
Project("{FAE04EC0-301F-11D3-BF4B-00C04F79EFBC}") = "03. Legendary Farming", "03. Legendary Farming\03. Legendary Farming.csproj", "{5CB7EB7B-7A98-42D8-A0B1-1E8BD944A845}"
EndProject
Project("{FAE04EC0-301F-11D3-BF4B-00C04F79EFBC}") = "04. Orders", "04. Orders\04. Orders.csproj", "{31E6462C-53D8-439B-8DE7-84C572E093BE}"
EndProject
Project("{FAE04EC0-301F-11D3-BF4B-00C04F79EFBC}") = "05. SoftUni Parking", "05. SoftUni Parking\05. SoftUni Parking.csproj", "{D073EBB7-7993-4019-88C4-54325EEE002F}"
EndProject
Project("{FAE04EC0-301F-11D3-BF4B-00C04F79EFBC}") = "06. Courses", "06. Courses\06. Courses.csproj", "{EE5EFDDB-CD8E-45F1-8EF9-174208523115}"
EndProject
Project("{FAE04EC0-301F-11D3-BF4B-00C04F79EFBC}") = "07. Student Academy", "07. Student Academy\07. Student Academy.csproj", "{9B83E893-97A2-4802-B5BC-53260B3EF663}"
EndProject
Project("{FAE04EC0-301F-11D3-BF4B-00C04F79EFBC}") = "08. Company Users", "08. Company Users\08. Company Users.csproj", "{25826067-16C3-4360-9505-29DFC394E653}"
EndProject
Project("{FAE04EC0-301F-11D3-BF4B-00C04F79EFBC}") = "10. SoftUni Exam Results", "10. SoftUni Exam Results\10. SoftUni Exam Results.csproj", "{F0B6C18D-FF38-45D0-AEC5-50DA47AE204B}"
EndProject
Project("{FAE04EC0-301F-11D3-BF4B-00C04F79EFBC}") = "09. ForceBook", "09. ForceBook\09. ForceBook.csproj", "{A55F6818-A648-48EE-8211-14D424D5D082}"
EndProject
Global
	GlobalSection(SolutionConfigurationPlatforms) = preSolution
		Debug|Any CPU = Debug|Any CPU
		Release|Any CPU = Release|Any CPU
	EndGlobalSection
	GlobalSection(ProjectConfigurationPlatforms) = postSolution
		{83154129-BF4B-4168-B98A-09F05101E91F}.Debug|Any CPU.ActiveCfg = Debug|Any CPU
		{83154129-BF4B-4168-B98A-09F05101E91F}.Debug|Any CPU.Build.0 = Debug|Any CPU
		{83154129-BF4B-4168-B98A-09F05101E91F}.Release|Any CPU.ActiveCfg = Release|Any CPU
		{83154129-BF4B-4168-B98A-09F05101E91F}.Release|Any CPU.Build.0 = Release|Any CPU
		{7B3E8156-CD4E-47AB-90CF-369A5BC14D4C}.Debug|Any CPU.ActiveCfg = Debug|Any CPU
		{7B3E8156-CD4E-47AB-90CF-369A5BC14D4C}.Debug|Any CPU.Build.0 = Debug|Any CPU
		{7B3E8156-CD4E-47AB-90CF-369A5BC14D4C}.Release|Any CPU.ActiveCfg = Release|Any CPU
		{7B3E8156-CD4E-47AB-90CF-369A5BC14D4C}.Release|Any CPU.Build.0 = Release|Any CPU
		{5CB7EB7B-7A98-42D8-A0B1-1E8BD944A845}.Debug|Any CPU.ActiveCfg = Debug|Any CPU
		{5CB7EB7B-7A98-42D8-A0B1-1E8BD944A845}.Debug|Any CPU.Build.0 = Debug|Any CPU
		{5CB7EB7B-7A98-42D8-A0B1-1E8BD944A845}.Release|Any CPU.ActiveCfg = Release|Any CPU
		{5CB7EB7B-7A98-42D8-A0B1-1E8BD944A845}.Release|Any CPU.Build.0 = Release|Any CPU
		{31E6462C-53D8-439B-8DE7-84C572E093BE}.Debug|Any CPU.ActiveCfg = Debug|Any CPU
		{31E6462C-53D8-439B-8DE7-84C572E093BE}.Debug|Any CPU.Build.0 = Debug|Any CPU
		{31E6462C-53D8-439B-8DE7-84C572E093BE}.Release|Any CPU.ActiveCfg = Release|Any CPU
		{31E6462C-53D8-439B-8DE7-84C572E093BE}.Release|Any CPU.Build.0 = Release|Any CPU
		{D073EBB7-7993-4019-88C4-54325EEE002F}.Debug|Any CPU.ActiveCfg = Debug|Any CPU
		{D073EBB7-7993-4019-88C4-54325EEE002F}.Debug|Any CPU.Build.0 = Debug|Any CPU
		{D073EBB7-7993-4019-88C4-54325EEE002F}.Release|Any CPU.ActiveCfg = Release|Any CPU
		{D073EBB7-7993-4019-88C4-54325EEE002F}.Release|Any CPU.Build.0 = Release|Any CPU
		{EE5EFDDB-CD8E-45F1-8EF9-174208523115}.Debug|Any CPU.ActiveCfg = Debug|Any CPU
		{EE5EFDDB-CD8E-45F1-8EF9-174208523115}.Debug|Any CPU.Build.0 = Debug|Any CPU
		{EE5EFDDB-CD8E-45F1-8EF9-174208523115}.Release|Any CPU.ActiveCfg = Release|Any CPU
		{EE5EFDDB-CD8E-45F1-8EF9-174208523115}.Release|Any CPU.Build.0 = Release|Any CPU
		{9B83E893-97A2-4802-B5BC-53260B3EF663}.Debug|Any CPU.ActiveCfg = Debug|Any CPU
		{9B83E893-97A2-4802-B5BC-53260B3EF663}.Debug|Any CPU.Build.0 = Debug|Any CPU
		{9B83E893-97A2-4802-B5BC-53260B3EF663}.Release|Any CPU.ActiveCfg = Release|Any CPU
		{9B83E893-97A2-4802-B5BC-53260B3EF663}.Release|Any CPU.Build.0 = Release|Any CPU
		{25826067-16C3-4360-9505-29DFC394E653}.Debug|Any CPU.ActiveCfg = Debug|Any CPU
		{25826067-16C3-4360-9505-29DFC394E653}.Debug|Any CPU.Build.0 = Debug|Any CPU
		{25826067-16C3-4360-9505-29DFC394E653}.Release|Any CPU.ActiveCfg = Release|Any CPU
		{25826067-16C3-4360-9505-29DFC394E653}.Release|Any CPU.Build.0 = Release|Any CPU
		{F0B6C18D-FF38-45D0-AEC5-50DA47AE204B}.Debug|Any CPU.ActiveCfg = Debug|Any CPU
		{F0B6C18D-FF38-45D0-AEC5-50DA47AE204B}.Debug|Any CPU.Build.0 = Debug|Any CPU
		{F0B6C18D-FF38-45D0-AEC5-50DA47AE204B}.Release|Any CPU.ActiveCfg = Release|Any CPU
		{F0B6C18D-FF38-45D0-AEC5-50DA47AE204B}.Release|Any CPU.Build.0 = Release|Any CPU
		{A55F6818-A648-48EE-8211-14D424D5D082}.Debug|Any CPU.ActiveCfg = Debug|Any CPU
		{A55F6818-A648-48EE-8211-14D424D5D082}.Debug|Any CPU.Build.0 = Debug|Any CPU
		{A55F6818-A648-48EE-8211-14D424D5D082}.Release|Any CPU.ActiveCfg = Release|Any CPU
		{A55F6818-A648-48EE-8211-14D424D5D082}.Release|Any CPU.Build.0 = Release|Any CPU
	EndGlobalSection
	GlobalSection(SolutionProperties) = preSolution
		HideSolutionNode = FALSE
	EndGlobalSection
	GlobalSection(ExtensibilityGlobals) = postSolution
		SolutionGuid = {49E23A1C-5059-4F0F-BEA6-04F22DC0E429}
	EndGlobalSection
EndGlobal
